
Microsoft Visual Studio Solution File, Format Version 12.00
# Visual Studio Version 16
VisualStudioVersion = 16.0.29409.12
MinimumVisualStudioVersion = 10.0.40219.1
Project("{FAE04EC0-301F-11D3-BF4B-00C04F79EFBC}") = "MyFunction", "MyFunction\MyFunction.csproj", "{F44A43C9-411B-4681-BC12-E433A06EE150}"
EndProject
Global
	GlobalSection(SolutionConfigurationPlatforms) = preSolution
		Debug|Any CPU = Debug|Any CPU
		Release|Any CPU = Release|Any CPU
	EndGlobalSection
	GlobalSection(ProjectConfigurationPlatforms) = postSolution
		{F44A43C9-411B-4681-BC12-E433A06EE150}.Debug|Any CPU.ActiveCfg = Debug|Any CPU
		{F44A43C9-411B-4681-BC12-E433A06EE150}.Debug|Any CPU.Build.0 = Debug|Any CPU
		{F44A43C9-411B-4681-BC12-E433A06EE150}.Release|Any CPU.ActiveCfg = Release|Any CPU
		{F44A43C9-411B-4681-BC12-E433A06EE150}.Release|Any CPU.Build.0 = Release|Any CPU
	EndGlobalSection
	GlobalSection(SolutionProperties) = preSolution
		HideSolutionNode = FALSE
	EndGlobalSection
	GlobalSection(ExtensibilityGlobals) = postSolution
		SolutionGuid = {E4823E1D-7698-4459-AC69-E3EE2E597DF4}
	EndGlobalSection
EndGlobal
